
Microsoft Visual Studio Solution File, Format Version 12.00
# Visual Studio 15
VisualStudioVersion = 15.0.28307.136
MinimumVisualStudioVersion = 10.0.40219.1
Project("{FAE04EC0-301F-11D3-BF4B-00C04F79EFBC}") = "step_75", "step_75\step_75.csproj", "{0DA03C51-DBBD-4A72-A876-9EB32DA4A62B}"
EndProject
Global
	GlobalSection(SolutionConfigurationPlatforms) = preSolution
		Debug|Any CPU = Debug|Any CPU
		Release|Any CPU = Release|Any CPU
	EndGlobalSection
	GlobalSection(ProjectConfigurationPlatforms) = postSolution
		{0DA03C51-DBBD-4A72-A876-9EB32DA4A62B}.Debug|Any CPU.ActiveCfg = Debug|Any CPU
		{0DA03C51-DBBD-4A72-A876-9EB32DA4A62B}.Debug|Any CPU.Build.0 = Debug|Any CPU
		{0DA03C51-DBBD-4A72-A876-9EB32DA4A62B}.Release|Any CPU.ActiveCfg = Release|Any CPU
		{0DA03C51-DBBD-4A72-A876-9EB32DA4A62B}.Release|Any CPU.Build.0 = Release|Any CPU
	EndGlobalSection
	GlobalSection(SolutionProperties) = preSolution
		HideSolutionNode = FALSE
	EndGlobalSection
	GlobalSection(ExtensibilityGlobals) = postSolution
		SolutionGuid = {61CDD2F6-3A8F-4862-BF1E-DEE4C31CFCD4}
	EndGlobalSection
EndGlobal
