
Microsoft Visual Studio Solution File, Format Version 12.00
# Visual Studio 15
VisualStudioVersion = 15.0.28307.136
MinimumVisualStudioVersion = 10.0.40219.1
Project("{FAE04EC0-301F-11D3-BF4B-00C04F79EFBC}") = "step_113", "step_113\step_113.csproj", "{59BE8C1F-61E4-4131-B83B-7801501E6C96}"
EndProject
Global
	GlobalSection(SolutionConfigurationPlatforms) = preSolution
		Debug|Any CPU = Debug|Any CPU
		Release|Any CPU = Release|Any CPU
	EndGlobalSection
	GlobalSection(ProjectConfigurationPlatforms) = postSolution
		{59BE8C1F-61E4-4131-B83B-7801501E6C96}.Debug|Any CPU.ActiveCfg = Debug|Any CPU
		{59BE8C1F-61E4-4131-B83B-7801501E6C96}.Debug|Any CPU.Build.0 = Debug|Any CPU
		{59BE8C1F-61E4-4131-B83B-7801501E6C96}.Release|Any CPU.ActiveCfg = Release|Any CPU
		{59BE8C1F-61E4-4131-B83B-7801501E6C96}.Release|Any CPU.Build.0 = Release|Any CPU
	EndGlobalSection
	GlobalSection(SolutionProperties) = preSolution
		HideSolutionNode = FALSE
	EndGlobalSection
	GlobalSection(ExtensibilityGlobals) = postSolution
		SolutionGuid = {4E1AAC82-1D35-4E08-95A0-6B41E4B4A306}
	EndGlobalSection
EndGlobal
