
Microsoft Visual Studio Solution File, Format Version 12.00
# Visual Studio 15
VisualStudioVersion = 15.0.28307.136
MinimumVisualStudioVersion = 10.0.40219.1
Project("{FAE04EC0-301F-11D3-BF4B-00C04F79EFBC}") = "TwentyOne", "TwentyOne\TwentyOne.csproj", "{71D96D97-1B8C-484C-8EC9-25860F76820F}"
EndProject
Global
	GlobalSection(SolutionConfigurationPlatforms) = preSolution
		Debug|Any CPU = Debug|Any CPU
		Release|Any CPU = Release|Any CPU
	EndGlobalSection
	GlobalSection(ProjectConfigurationPlatforms) = postSolution
		{71D96D97-1B8C-484C-8EC9-25860F76820F}.Debug|Any CPU.ActiveCfg = Debug|Any CPU
		{71D96D97-1B8C-484C-8EC9-25860F76820F}.Debug|Any CPU.Build.0 = Debug|Any CPU
		{71D96D97-1B8C-484C-8EC9-25860F76820F}.Release|Any CPU.ActiveCfg = Release|Any CPU
		{71D96D97-1B8C-484C-8EC9-25860F76820F}.Release|Any CPU.Build.0 = Release|Any CPU
	EndGlobalSection
	GlobalSection(SolutionProperties) = preSolution
		HideSolutionNode = FALSE
	EndGlobalSection
	GlobalSection(ExtensibilityGlobals) = postSolution
		SolutionGuid = {BDA387CC-8785-40B6-88ED-3262FB42E6F8}
	EndGlobalSection
EndGlobal
