
Microsoft Visual Studio Solution File, Format Version 12.00
# Visual Studio 15
VisualStudioVersion = 15.0.28307.136
MinimumVisualStudioVersion = 10.0.40219.1
Project("{FAE04EC0-301F-11D3-BF4B-00C04F79EFBC}") = "step_67", "step_67\step_67.csproj", "{4F53C5DB-C0B0-4FCC-A5FD-69817FC4DD66}"
EndProject
Global
	GlobalSection(SolutionConfigurationPlatforms) = preSolution
		Debug|Any CPU = Debug|Any CPU
		Release|Any CPU = Release|Any CPU
	EndGlobalSection
	GlobalSection(ProjectConfigurationPlatforms) = postSolution
		{4F53C5DB-C0B0-4FCC-A5FD-69817FC4DD66}.Debug|Any CPU.ActiveCfg = Debug|Any CPU
		{4F53C5DB-C0B0-4FCC-A5FD-69817FC4DD66}.Debug|Any CPU.Build.0 = Debug|Any CPU
		{4F53C5DB-C0B0-4FCC-A5FD-69817FC4DD66}.Release|Any CPU.ActiveCfg = Release|Any CPU
		{4F53C5DB-C0B0-4FCC-A5FD-69817FC4DD66}.Release|Any CPU.Build.0 = Release|Any CPU
	EndGlobalSection
	GlobalSection(SolutionProperties) = preSolution
		HideSolutionNode = FALSE
	EndGlobalSection
	GlobalSection(ExtensibilityGlobals) = postSolution
		SolutionGuid = {62689C24-19D8-446B-93BB-B64B5822F1C3}
	EndGlobalSection
EndGlobal
