
Microsoft Visual Studio Solution File, Format Version 12.00
# Visual Studio 15
VisualStudioVersion = 15.0.28307.136
MinimumVisualStudioVersion = 10.0.40219.1
Project("{FAE04EC0-301F-11D3-BF4B-00C04F79EFBC}") = "step_154", "step_154\step_154.csproj", "{C77DBA37-9E93-45B1-86D0-C219E82AE537}"
EndProject
Global
	GlobalSection(SolutionConfigurationPlatforms) = preSolution
		Debug|Any CPU = Debug|Any CPU
		Release|Any CPU = Release|Any CPU
	EndGlobalSection
	GlobalSection(ProjectConfigurationPlatforms) = postSolution
		{C77DBA37-9E93-45B1-86D0-C219E82AE537}.Debug|Any CPU.ActiveCfg = Debug|Any CPU
		{C77DBA37-9E93-45B1-86D0-C219E82AE537}.Debug|Any CPU.Build.0 = Debug|Any CPU
		{C77DBA37-9E93-45B1-86D0-C219E82AE537}.Release|Any CPU.ActiveCfg = Release|Any CPU
		{C77DBA37-9E93-45B1-86D0-C219E82AE537}.Release|Any CPU.Build.0 = Release|Any CPU
	EndGlobalSection
	GlobalSection(SolutionProperties) = preSolution
		HideSolutionNode = FALSE
	EndGlobalSection
	GlobalSection(ExtensibilityGlobals) = postSolution
		SolutionGuid = {5C07B8C1-4B4A-44DB-98D9-FC5D5C06DDF1}
	EndGlobalSection
EndGlobal
