
Microsoft Visual Studio Solution File, Format Version 12.00
# Visual Studio 15
VisualStudioVersion = 15.0.28307.136
MinimumVisualStudioVersion = 10.0.40219.1
Project("{FAE04EC0-301F-11D3-BF4B-00C04F79EFBC}") = "step_124", "step_124\step_124.csproj", "{DAEEAD33-DF26-4B06-85F7-E1125257E725}"
EndProject
Global
	GlobalSection(SolutionConfigurationPlatforms) = preSolution
		Debug|Any CPU = Debug|Any CPU
		Release|Any CPU = Release|Any CPU
	EndGlobalSection
	GlobalSection(ProjectConfigurationPlatforms) = postSolution
		{DAEEAD33-DF26-4B06-85F7-E1125257E725}.Debug|Any CPU.ActiveCfg = Debug|Any CPU
		{DAEEAD33-DF26-4B06-85F7-E1125257E725}.Debug|Any CPU.Build.0 = Debug|Any CPU
		{DAEEAD33-DF26-4B06-85F7-E1125257E725}.Release|Any CPU.ActiveCfg = Release|Any CPU
		{DAEEAD33-DF26-4B06-85F7-E1125257E725}.Release|Any CPU.Build.0 = Release|Any CPU
	EndGlobalSection
	GlobalSection(SolutionProperties) = preSolution
		HideSolutionNode = FALSE
	EndGlobalSection
	GlobalSection(ExtensibilityGlobals) = postSolution
		SolutionGuid = {2CA3C800-6259-4DC9-9B08-A306B1776BCE}
	EndGlobalSection
EndGlobal
