
Microsoft Visual Studio Solution File, Format Version 12.00
# Visual Studio 15
VisualStudioVersion = 15.0.28307.136
MinimumVisualStudioVersion = 10.0.40219.1
Project("{FAE04EC0-301F-11D3-BF4B-00C04F79EFBC}") = "step_120", "step_120\step_120.csproj", "{C0BFE075-A2D4-42B8-90AF-1EE6D8CF0D16}"
EndProject
Global
	GlobalSection(SolutionConfigurationPlatforms) = preSolution
		Debug|Any CPU = Debug|Any CPU
		Release|Any CPU = Release|Any CPU
	EndGlobalSection
	GlobalSection(ProjectConfigurationPlatforms) = postSolution
		{C0BFE075-A2D4-42B8-90AF-1EE6D8CF0D16}.Debug|Any CPU.ActiveCfg = Debug|Any CPU
		{C0BFE075-A2D4-42B8-90AF-1EE6D8CF0D16}.Debug|Any CPU.Build.0 = Debug|Any CPU
		{C0BFE075-A2D4-42B8-90AF-1EE6D8CF0D16}.Release|Any CPU.ActiveCfg = Release|Any CPU
		{C0BFE075-A2D4-42B8-90AF-1EE6D8CF0D16}.Release|Any CPU.Build.0 = Release|Any CPU
	EndGlobalSection
	GlobalSection(SolutionProperties) = preSolution
		HideSolutionNode = FALSE
	EndGlobalSection
	GlobalSection(ExtensibilityGlobals) = postSolution
		SolutionGuid = {992BD2E1-140C-4B7E-91AD-6F7872539BA1}
	EndGlobalSection
EndGlobal
