
Microsoft Visual Studio Solution File, Format Version 12.00
# Visual Studio 15
VisualStudioVersion = 15.0.28307.136
MinimumVisualStudioVersion = 10.0.40219.1
Project("{FAE04EC0-301F-11D3-BF4B-00C04F79EFBC}") = "BooleanLogic", "BooleanLogic\BooleanLogic.csproj", "{CA30DB22-FDEF-489A-AE9E-31DF1047888B}"
EndProject
Global
	GlobalSection(SolutionConfigurationPlatforms) = preSolution
		Debug|Any CPU = Debug|Any CPU
		Release|Any CPU = Release|Any CPU
	EndGlobalSection
	GlobalSection(ProjectConfigurationPlatforms) = postSolution
		{CA30DB22-FDEF-489A-AE9E-31DF1047888B}.Debug|Any CPU.ActiveCfg = Debug|Any CPU
		{CA30DB22-FDEF-489A-AE9E-31DF1047888B}.Debug|Any CPU.Build.0 = Debug|Any CPU
		{CA30DB22-FDEF-489A-AE9E-31DF1047888B}.Release|Any CPU.ActiveCfg = Release|Any CPU
		{CA30DB22-FDEF-489A-AE9E-31DF1047888B}.Release|Any CPU.Build.0 = Release|Any CPU
	EndGlobalSection
	GlobalSection(SolutionProperties) = preSolution
		HideSolutionNode = FALSE
	EndGlobalSection
	GlobalSection(ExtensibilityGlobals) = postSolution
		SolutionGuid = {01153F26-4C7F-40DF-AC73-4195FA349AD9}
	EndGlobalSection
EndGlobal
