
Microsoft Visual Studio Solution File, Format Version 12.00
# Visual Studio 15
VisualStudioVersion = 15.0.28307.136
MinimumVisualStudioVersion = 10.0.40219.1
Project("{FAE04EC0-301F-11D3-BF4B-00C04F79EFBC}") = "StringFunctions", "StringFunctions\StringFunctions.csproj", "{F0852CEE-B086-493B-AD1E-9544381B2314}"
EndProject
Global
	GlobalSection(SolutionConfigurationPlatforms) = preSolution
		Debug|Any CPU = Debug|Any CPU
		Release|Any CPU = Release|Any CPU
	EndGlobalSection
	GlobalSection(ProjectConfigurationPlatforms) = postSolution
		{F0852CEE-B086-493B-AD1E-9544381B2314}.Debug|Any CPU.ActiveCfg = Debug|Any CPU
		{F0852CEE-B086-493B-AD1E-9544381B2314}.Debug|Any CPU.Build.0 = Debug|Any CPU
		{F0852CEE-B086-493B-AD1E-9544381B2314}.Release|Any CPU.ActiveCfg = Release|Any CPU
		{F0852CEE-B086-493B-AD1E-9544381B2314}.Release|Any CPU.Build.0 = Release|Any CPU
	EndGlobalSection
	GlobalSection(SolutionProperties) = preSolution
		HideSolutionNode = FALSE
	EndGlobalSection
	GlobalSection(ExtensibilityGlobals) = postSolution
		SolutionGuid = {C84D0423-EC09-4616-BDF1-939BD672634E}
	EndGlobalSection
EndGlobal
